
Microsoft Visual Studio Solution File, Format Version 11.00
# Visual Studio 2010
Project("{FAE04EC0-301F-11D3-BF4B-00C04F79EFBC}") = "Assembly-CSharp", "Assembly-CSharp.csproj", "{2bda1a90-b973-38bc-fc6e-8244bd67efcb}"
EndProject
Project("{FAE04EC0-301F-11D3-BF4B-00C04F79EFBC}") = "Assembly-CSharp-Editor", "Assembly-CSharp-Editor.csproj", "{b20451ef-e15f-a355-180d-53e3bcb24173}"
EndProject
Global
	GlobalSection(SolutionConfigurationPlatforms) = preSolution
		Debug|Any CPU = Debug|Any CPU
	EndGlobalSection
	GlobalSection(ProjectConfigurationPlatforms) = postSolution
		{2bda1a90-b973-38bc-fc6e-8244bd67efcb}.Debug|Any CPU.ActiveCfg = Debug|Any CPU
		{2bda1a90-b973-38bc-fc6e-8244bd67efcb}.Debug|Any CPU.Build.0 = Debug|Any CPU
		{b20451ef-e15f-a355-180d-53e3bcb24173}.Debug|Any CPU.ActiveCfg = Debug|Any CPU
		{b20451ef-e15f-a355-180d-53e3bcb24173}.Debug|Any CPU.Build.0 = Debug|Any CPU
	EndGlobalSection
	GlobalSection(SolutionProperties) = preSolution
		HideSolutionNode = FALSE
	EndGlobalSection
EndGlobal
